
Microsoft Visual Studio Solution File, Format Version 12.00
# Visual Studio 15
VisualStudioVersion = 15.0.28307.329
MinimumVisualStudioVersion = 10.0.40219.1
Project("{2150E333-8FDC-42A3-9474-1A3956D46DE8}") = "Pedido", "Pedido", "{DD592B09-8026-4F4E-8D3D-F212A71DC9CC}"
EndProject
Project("{E53339B2-1760-4266-BCC7-CA923CBCF16C}") = "docker-compose", "docker-compose.dcproj", "{DC9E1893-61E8-44E3-9353-9847C48B70FD}"
EndProject
Project("{9A19103F-16F7-4668-BE54-9A1E7A4F7556}") = "Pedido.API", "Pedido\Pedido.API\Pedido.API.csproj", "{42E340FA-AC7E-46EC-AE36-6D9CFE8318ED}"
EndProject
Project("{9A19103F-16F7-4668-BE54-9A1E7A4F7556}") = "Pedido.Dominio", "Pedido\Pedido.Dominio\Pedido.Dominio.csproj", "{71020963-0C3D-4D7B-BB61-9704674BB790}"
EndProject
Project("{9A19103F-16F7-4668-BE54-9A1E7A4F7556}") = "Pedido.Dominio.Teste", "Pedido\Pedido.Dominio.Teste\Pedido.Dominio.Teste.csproj", "{3102BE91-38AE-4CAF-9A6F-22FCBE5D101A}"
EndProject
Global
	GlobalSection(SolutionConfigurationPlatforms) = preSolution
		Debug|Any CPU = Debug|Any CPU
		Release|Any CPU = Release|Any CPU
	EndGlobalSection
	GlobalSection(ProjectConfigurationPlatforms) = postSolution
		{DC9E1893-61E8-44E3-9353-9847C48B70FD}.Debug|Any CPU.ActiveCfg = Debug|Any CPU
		{DC9E1893-61E8-44E3-9353-9847C48B70FD}.Debug|Any CPU.Build.0 = Debug|Any CPU
		{DC9E1893-61E8-44E3-9353-9847C48B70FD}.Release|Any CPU.ActiveCfg = Release|Any CPU
		{DC9E1893-61E8-44E3-9353-9847C48B70FD}.Release|Any CPU.Build.0 = Release|Any CPU
		{42E340FA-AC7E-46EC-AE36-6D9CFE8318ED}.Debug|Any CPU.ActiveCfg = Debug|Any CPU
		{42E340FA-AC7E-46EC-AE36-6D9CFE8318ED}.Debug|Any CPU.Build.0 = Debug|Any CPU
		{42E340FA-AC7E-46EC-AE36-6D9CFE8318ED}.Release|Any CPU.ActiveCfg = Release|Any CPU
		{42E340FA-AC7E-46EC-AE36-6D9CFE8318ED}.Release|Any CPU.Build.0 = Release|Any CPU
		{71020963-0C3D-4D7B-BB61-9704674BB790}.Debug|Any CPU.ActiveCfg = Debug|Any CPU
		{71020963-0C3D-4D7B-BB61-9704674BB790}.Debug|Any CPU.Build.0 = Debug|Any CPU
		{71020963-0C3D-4D7B-BB61-9704674BB790}.Release|Any CPU.ActiveCfg = Release|Any CPU
		{71020963-0C3D-4D7B-BB61-9704674BB790}.Release|Any CPU.Build.0 = Release|Any CPU
		{3102BE91-38AE-4CAF-9A6F-22FCBE5D101A}.Debug|Any CPU.ActiveCfg = Debug|Any CPU
		{3102BE91-38AE-4CAF-9A6F-22FCBE5D101A}.Debug|Any CPU.Build.0 = Debug|Any CPU
		{3102BE91-38AE-4CAF-9A6F-22FCBE5D101A}.Release|Any CPU.ActiveCfg = Release|Any CPU
		{3102BE91-38AE-4CAF-9A6F-22FCBE5D101A}.Release|Any CPU.Build.0 = Release|Any CPU
	EndGlobalSection
	GlobalSection(SolutionProperties) = preSolution
		HideSolutionNode = FALSE
	EndGlobalSection
	GlobalSection(NestedProjects) = preSolution
		{42E340FA-AC7E-46EC-AE36-6D9CFE8318ED} = {DD592B09-8026-4F4E-8D3D-F212A71DC9CC}
		{71020963-0C3D-4D7B-BB61-9704674BB790} = {DD592B09-8026-4F4E-8D3D-F212A71DC9CC}
		{3102BE91-38AE-4CAF-9A6F-22FCBE5D101A} = {DD592B09-8026-4F4E-8D3D-F212A71DC9CC}
	EndGlobalSection
	GlobalSection(ExtensibilityGlobals) = postSolution
		SolutionGuid = {ED0B277B-B8FD-4F9B-9654-893200E2C70A}
	EndGlobalSection
EndGlobal
